
Microsoft Visual Studio Solution File, Format Version 12.00
# Visual Studio Version 17
VisualStudioVersion = 17.10.35027.167
MinimumVisualStudioVersion = 10.0.40219.1
Project("{9A19103F-16F7-4668-BE54-9A1E7A4F7556}") = "SortedList", "SortedList.csproj", "{A2C65865-892A-4A7E-97D7-5C0BD59DB64D}"
EndProject
Project("{9A19103F-16F7-4668-BE54-9A1E7A4F7556}") = "SortedSet", "..\SortedSet\SortedSet.csproj", "{77FCEFA4-FA7E-49DC-8194-FC9F7E4AAC41}"
EndProject
Project("{9A19103F-16F7-4668-BE54-9A1E7A4F7556}") = "A2._1_ArraysMultidimensionais", "..\A2._1_ArraysMultidimensionais\A2._1_ArraysMultidimensionais.csproj", "{0B37DF39-80E0-4DD1-BBFE-E67485AAC75A}"
EndProject
Project("{9A19103F-16F7-4668-BE54-9A1E7A4F7556}") = "A2._2_JahhedArrays", "..\A2._2_JahhedArrays\A2._2_JahhedArrays.csproj", "{07DB2333-1347-4775-9326-C27A6E12E5E7}"
EndProject
Project("{FAE04EC0-301F-11D3-BF4B-00C04F79EFBC}") = "A3._1_ConsultandoCollections", "..\A3._1_ConsultandoCollections\A3._1_ConsultandoCollections.csproj", "{5CE291D8-D5B5-4493-832C-7432CA9ECCD5}"
EndProject
Global
	GlobalSection(SolutionConfigurationPlatforms) = preSolution
		Debug|Any CPU = Debug|Any CPU
		Release|Any CPU = Release|Any CPU
	EndGlobalSection
	GlobalSection(ProjectConfigurationPlatforms) = postSolution
		{A2C65865-892A-4A7E-97D7-5C0BD59DB64D}.Debug|Any CPU.ActiveCfg = Debug|Any CPU
		{A2C65865-892A-4A7E-97D7-5C0BD59DB64D}.Debug|Any CPU.Build.0 = Debug|Any CPU
		{A2C65865-892A-4A7E-97D7-5C0BD59DB64D}.Release|Any CPU.ActiveCfg = Release|Any CPU
		{A2C65865-892A-4A7E-97D7-5C0BD59DB64D}.Release|Any CPU.Build.0 = Release|Any CPU
		{77FCEFA4-FA7E-49DC-8194-FC9F7E4AAC41}.Debug|Any CPU.ActiveCfg = Debug|Any CPU
		{77FCEFA4-FA7E-49DC-8194-FC9F7E4AAC41}.Debug|Any CPU.Build.0 = Debug|Any CPU
		{77FCEFA4-FA7E-49DC-8194-FC9F7E4AAC41}.Release|Any CPU.ActiveCfg = Release|Any CPU
		{77FCEFA4-FA7E-49DC-8194-FC9F7E4AAC41}.Release|Any CPU.Build.0 = Release|Any CPU
		{0B37DF39-80E0-4DD1-BBFE-E67485AAC75A}.Debug|Any CPU.ActiveCfg = Debug|Any CPU
		{0B37DF39-80E0-4DD1-BBFE-E67485AAC75A}.Debug|Any CPU.Build.0 = Debug|Any CPU
		{0B37DF39-80E0-4DD1-BBFE-E67485AAC75A}.Release|Any CPU.ActiveCfg = Release|Any CPU
		{0B37DF39-80E0-4DD1-BBFE-E67485AAC75A}.Release|Any CPU.Build.0 = Release|Any CPU
		{07DB2333-1347-4775-9326-C27A6E12E5E7}.Debug|Any CPU.ActiveCfg = Debug|Any CPU
		{07DB2333-1347-4775-9326-C27A6E12E5E7}.Debug|Any CPU.Build.0 = Debug|Any CPU
		{07DB2333-1347-4775-9326-C27A6E12E5E7}.Release|Any CPU.ActiveCfg = Release|Any CPU
		{07DB2333-1347-4775-9326-C27A6E12E5E7}.Release|Any CPU.Build.0 = Release|Any CPU
		{5CE291D8-D5B5-4493-832C-7432CA9ECCD5}.Debug|Any CPU.ActiveCfg = Debug|Any CPU
		{5CE291D8-D5B5-4493-832C-7432CA9ECCD5}.Debug|Any CPU.Build.0 = Debug|Any CPU
		{5CE291D8-D5B5-4493-832C-7432CA9ECCD5}.Release|Any CPU.ActiveCfg = Release|Any CPU
		{5CE291D8-D5B5-4493-832C-7432CA9ECCD5}.Release|Any CPU.Build.0 = Release|Any CPU
	EndGlobalSection
	GlobalSection(SolutionProperties) = preSolution
		HideSolutionNode = FALSE
	EndGlobalSection
	GlobalSection(ExtensibilityGlobals) = postSolution
		SolutionGuid = {C34BBB77-B896-4135-AFEC-31CE8BCCF36E}
	EndGlobalSection
EndGlobal
